// !$*UTF8*$!
{
	archiveVersion = 1;
	classes = {
	};
	objectVersion = 46;
	objects = {

/* Begin PBXBuildFile section */
		9639722E1DF7838E00CE2BDA /* Score.cpp in Sources */ = {isa = PBXBuildFile; fileRef = 9639722C1DF7838E00CE2BDA /* Score.cpp */; };
		963972301DF7957F00CE2BDA /* SDL2_ttf.framework in Frameworks */ = {isa = PBXBuildFile; fileRef = 9639722F1DF7957F00CE2BDA /* SDL2_ttf.framework */; };
		963972321DF7A70B00CE2BDA /* main.cpp in Sources */ = {isa = PBXBuildFile; fileRef = 963972311DF7A70B00CE2BDA /* main.cpp */; };
		96575B4F1DF7476E008791AA /* GameState.cpp in Sources */ = {isa = PBXBuildFile; fileRef = 96575B4A1DF7476E008791AA /* GameState.cpp */; };
		96575B501DF7476E008791AA /* Piece.cpp in Sources */ = {isa = PBXBuildFile; fileRef = 96575B4C1DF7476E008791AA /* Piece.cpp */; };
		96575B511DF7476E008791AA /* shapes.cpp in Sources */ = {isa = PBXBuildFile; fileRef = 96575B4E1DF7476E008791AA /* shapes.cpp */; };
		96575B541DF74784008791AA /* SDL2.framework in Frameworks */ = {isa = PBXBuildFile; fileRef = 96575B531DF74784008791AA /* SDL2.framework */; };
/* End PBXBuildFile section */

/* Begin PBXCopyFilesBuildPhase section */
		96575B361DF746D6008791AA /* CopyFiles */ = {
			isa = PBXCopyFilesBuildPhase;
			buildActionMask = 2147483647;
			dstPath = /usr/share/man/man1/;
			dstSubfolderSpec = 0;
			files = (
			);
			runOnlyForDeploymentPostprocessing = 1;
		};
/* End PBXCopyFilesBuildPhase section */

/* Begin PBXFileReference section */
		9639722C1DF7838E00CE2BDA /* Score.cpp */ = {isa = PBXFileReference; fileEncoding = 4; lastKnownFileType = sourcecode.cpp.cpp; path = Score.cpp; sourceTree = SOURCE_ROOT; };
		9639722D1DF7838E00CE2BDA /* Score.h */ = {isa = PBXFileReference; fileEncoding = 4; lastKnownFileType = sourcecode.c.h; path = Score.h; sourceTree = SOURCE_ROOT; };
		9639722F1DF7957F00CE2BDA /* SDL2_ttf.framework */ = {isa = PBXFileReference; lastKnownFileType = wrapper.framework; name = SDL2_ttf.framework; path = ../../../../../../../../Library/Frameworks/SDL2_ttf.framework; sourceTree = "<group>"; };
		963972311DF7A70B00CE2BDA /* main.cpp */ = {isa = PBXFileReference; fileEncoding = 4; lastKnownFileType = sourcecode.cpp.cpp; path = main.cpp; sourceTree = SOURCE_ROOT; };
		96575B381DF746D6008791AA /* cppProjTB */ = {isa = PBXFileReference; explicitFileType = "compiled.mach-o.executable"; includeInIndex = 0; path = cppProjTB; sourceTree = BUILT_PRODUCTS_DIR; };
		96575B4A1DF7476E008791AA /* GameState.cpp */ = {isa = PBXFileReference; fileEncoding = 4; lastKnownFileType = sourcecode.cpp.cpp; path = GameState.cpp; sourceTree = SOURCE_ROOT; };
		96575B4B1DF7476E008791AA /* GameState.h */ = {isa = PBXFileReference; fileEncoding = 4; lastKnownFileType = sourcecode.c.h; path = GameState.h; sourceTree = SOURCE_ROOT; };
		96575B4C1DF7476E008791AA /* Piece.cpp */ = {isa = PBXFileReference; fileEncoding = 4; lastKnownFileType = sourcecode.cpp.cpp; path = Piece.cpp; sourceTree = SOURCE_ROOT; };
		96575B4D1DF7476E008791AA /* Piece.h */ = {isa = PBXFileReference; fileEncoding = 4; lastKnownFileType = sourcecode.c.h; path = Piece.h; sourceTree = SOURCE_ROOT; };
		96575B4E1DF7476E008791AA /* shapes.cpp */ = {isa = PBXFileReference; fileEncoding = 4; lastKnownFileType = sourcecode.cpp.cpp; path = shapes.cpp; sourceTree = SOURCE_ROOT; };
		96575B531DF74784008791AA /* SDL2.framework */ = {isa = PBXFileReference; lastKnownFileType = wrapper.framework; name = SDL2.framework; path = ../../../../../../../../Library/Frameworks/SDL2.framework; sourceTree = "<group>"; };
/* End PBXFileReference section */

/* Begin PBXFrameworksBuildPhase section */
		96575B351DF746D6008791AA /* Frameworks */ = {
			isa = PBXFrameworksBuildPhase;
			buildActionMask = 2147483647;
			files = (
				963972301DF7957F00CE2BDA /* SDL2_ttf.framework in Frameworks */,
				96575B541DF74784008791AA /* SDL2.framework in Frameworks */,
			);
			runOnlyForDeploymentPostprocessing = 0;
		};
/* End PBXFrameworksBuildPhase section */

/* Begin PBXGroup section */
		96575B2F1DF746D6008791AA = {
			isa = PBXGroup;
			children = (
				96575B3A1DF746D6008791AA /* cppProjTB */,
				96575B391DF746D6008791AA /* Products */,
				96575B521DF74784008791AA /* Frameworks */,
			);
			sourceTree = "<group>";
		};
		96575B391DF746D6008791AA /* Products */ = {
			isa = PBXGroup;
			children = (
				96575B381DF746D6008791AA /* cppProjTB */,
			);
			name = Products;
			sourceTree = "<group>";
		};
		96575B3A1DF746D6008791AA /* cppProjTB */ = {
			isa = PBXGroup;
			children = (
				9639722C1DF7838E00CE2BDA /* Score.cpp */,
				9639722D1DF7838E00CE2BDA /* Score.h */,
				96575B4A1DF7476E008791AA /* GameState.cpp */,
				96575B4B1DF7476E008791AA /* GameState.h */,
				96575B4C1DF7476E008791AA /* Piece.cpp */,
				96575B4D1DF7476E008791AA /* Piece.h */,
				96575B4E1DF7476E008791AA /* shapes.cpp */,
				963972311DF7A70B00CE2BDA /* main.cpp */,
			);
			path = cppProjTB;
			sourceTree = "<group>";
		};
		96575B521DF74784008791AA /* Frameworks */ = {
			isa = PBXGroup;
			children = (
				9639722F1DF7957F00CE2BDA /* SDL2_ttf.framework */,
				96575B531DF74784008791AA /* SDL2.framework */,
			);
			name = Frameworks;
			sourceTree = "<group>";
		};
/* End PBXGroup section */

/* Begin PBXNativeTarget section */
		96575B371DF746D6008791AA /* cppProjTB */ = {
			isa = PBXNativeTarget;
			buildConfigurationList = 96575B3F1DF746D6008791AA /* Build configuration list for PBXNativeTarget "cppProjTB" */;
			buildPhases = (
				96575B341DF746D6008791AA /* Sources */,
				96575B351DF746D6008791AA /* Frameworks */,
				96575B361DF746D6008791AA /* CopyFiles */,
			);
			buildRules = (
			);
			dependencies = (
			);
			name = cppProjTB;
			productName = cppProjTB;
			productReference = 96575B381DF746D6008791AA /* cppProjTB */;
			productType = "com.apple.product-type.tool";
		};
/* End PBXNativeTarget section */

/* Begin PBXProject section */
		96575B301DF746D6008791AA /* Project object */ = {
			isa = PBXProject;
			attributes = {
				LastUpgradeCheck = 0810;
				ORGANIZATIONNAME = "Tejas Bala";
				TargetAttributes = {
					96575B371DF746D6008791AA = {
						CreatedOnToolsVersion = 8.1;
						ProvisioningStyle = Automatic;
					};
				};
			};
			buildConfigurationList = 96575B331DF746D6008791AA /* Build configuration list for PBXProject "cppProjTB" */;
			compatibilityVersion = "Xcode 3.2";
			developmentRegion = English;
			hasScannedForEncodings = 0;
			knownRegions = (
				en,
			);
			mainGroup = 96575B2F1DF746D6008791AA;
			productRefGroup = 96575B391DF746D6008791AA /* Products */;
			projectDirPath = "";
			projectRoot = "";
			targets = (
				96575B371DF746D6008791AA /* cppProjTB */,
			);
		};
/* End PBXProject section */

/* Begin PBXSourcesBuildPhase section */
		96575B341DF746D6008791AA /* Sources */ = {
			isa = PBXSourcesBuildPhase;
			buildActionMask = 2147483647;
			files = (
				96575B501DF7476E008791AA /* Piece.cpp in Sources */,
				96575B4F1DF7476E008791AA /* GameState.cpp in Sources */,
				9639722E1DF7838E00CE2BDA /* Score.cpp in Sources */,
				963972321DF7A70B00CE2BDA /* main.cpp in Sources */,
				96575B511DF7476E008791AA /* shapes.cpp in Sources */,
			);
			runOnlyForDeploymentPostprocessing = 0;
		};
/* End PBXSourcesBuildPhase section */

/* Begin XCBuildConfiguration section */
		96575B3D1DF746D6008791AA /* Debug */ = {
			isa = XCBuildConfiguration;
			buildSettings = {
				ALWAYS_SEARCH_USER_PATHS = NO;
				CLANG_ANALYZER_NONNULL = YES;
				CLANG_CXX_LANGUAGE_STANDARD = "gnu++0x";
				CLANG_CXX_LIBRARY = "libc++";
				CLANG_ENABLE_MODULES = YES;
				CLANG_ENABLE_OBJC_ARC = YES;
				CLANG_WARN_BOOL_CONVERSION = YES;
				CLANG_WARN_CONSTANT_CONVERSION = YES;
				CLANG_WARN_DIRECT_OBJC_ISA_USAGE = YES_ERROR;
				CLANG_WARN_DOCUMENTATION_COMMENTS = YES;
				CLANG_WARN_EMPTY_BODY = YES;
				CLANG_WARN_ENUM_CONVERSION = YES;
				CLANG_WARN_INFINITE_RECURSION = YES;
				CLANG_WARN_INT_CONVERSION = YES;
				CLANG_WARN_OBJC_ROOT_CLASS = YES_ERROR;
				CLANG_WARN_SUSPICIOUS_MOVES = YES;
				CLANG_WARN_UNREACHABLE_CODE = YES;
				CLANG_WARN__DUPLICATE_METHOD_MATCH = YES;
				CODE_SIGN_IDENTITY = "-";
				COPY_PHASE_STRIP = NO;
				DEBUG_INFORMATION_FORMAT = dwarf;
				ENABLE_STRICT_OBJC_MSGSEND = YES;
				ENABLE_TESTABILITY = YES;
				GCC_C_LANGUAGE_STANDARD = gnu99;
				GCC_DYNAMIC_NO_PIC = NO;
				GCC_NO_COMMON_BLOCKS = YES;
				GCC_OPTIMIZATION_LEVEL = 0;
				GCC_PREPROCESSOR_DEFINITIONS = (
					"DEBUG=1",
					"$(inherited)",
				);
				GCC_WARN_64_TO_32_BIT_CONVERSION = YES;
				GCC_WARN_ABOUT_RETURN_TYPE = YES_ERROR;
				GCC_WARN_UNDECLARED_SELECTOR = YES;
				GCC_WARN_UNINITIALIZED_AUTOS = YES_AGGRESSIVE;
				GCC_WARN_UNUSED_FUNCTION = YES;
				GCC_WARN_UNUSED_VARIABLE = YES;
				MACOSX_DEPLOYMENT_TARGET = 10.11;
				MTL_ENABLE_DEBUG_INFO = YES;
				ONLY_ACTIVE_ARCH = YES;
				SDKROOT = macosx;
			};
			name = Debug;
		};
		96575B3E1DF746D6008791AA /* Release */ = {
			isa = XCBuildConfiguration;
			buildSettings = {
				ALWAYS_SEARCH_USER_PATHS = NO;
				CLANG_ANALYZER_NONNULL = YES;
				CLANG_CXX_LANGUAGE_STANDARD = "gnu++0x";
				CLANG_CXX_LIBRARY = "libc++";
				CLANG_ENABLE_MODULES = YES;
				CLANG_ENABLE_OBJC_ARC = YES;
				CLANG_WARN_BOOL_CONVERSION = YES;
				CLANG_WARN_CONSTANT_CONVERSION = YES;
				CLANG_WARN_DIRECT_OBJC_ISA_USAGE = YES_ERROR;
				CLANG_WARN_DOCUMENTATION_COMMENTS = YES;
				CLANG_WARN_EMPTY_BODY = YES;
				CLANG_WARN_ENUM_CONVERSION = YES;
				CLANG_WARN_INFINITE_RECURSION = YES;
				CLANG_WARN_INT_CONVERSION = YES;
				CLANG_WARN_OBJC_ROOT_CLASS = YES_ERROR;
				CLANG_WARN_SUSPICIOUS_MOVES = YES;
				CLANG_WARN_UNREACHABLE_CODE = YES;
				CLANG_WARN__DUPLICATE_METHOD_MATCH = YES;
				CODE_SIGN_IDENTITY = "-";
				COPY_PHASE_STRIP = NO;
				DEBUG_INFORMATION_FORMAT = "dwarf-with-dsym";
				ENABLE_NS_ASSERTIONS = NO;
				ENABLE_STRICT_OBJC_MSGSEND = YES;
				GCC_C_LANGUAGE_STANDARD = gnu99;
				GCC_NO_COMMON_BLOCKS = YES;
				GCC_WARN_64_TO_32_BIT_CONVERSION = YES;
				GCC_WARN_ABOUT_RETURN_TYPE = YES_ERROR;
				GCC_WARN_UNDECLARED_SELECTOR = YES;
				GCC_WARN_UNINITIALIZED_AUTOS = YES_AGGRESSIVE;
				GCC_WARN_UNUSED_FUNCTION = YES;
				GCC_WARN_UNUSED_VARIABLE = YES;
				MACOSX_DEPLOYMENT_TARGET = 10.11;
				MTL_ENABLE_DEBUG_INFO = NO;
				SDKROOT = macosx;
			};
			name = Release;
		};
		96575B401DF746D6008791AA /* Debug */ = {
			isa = XCBuildConfiguration;
			buildSettings = {
				FRAMEWORK_SEARCH_PATHS = (
					"$(inherited)",
					"$(LOCAL_LIBRARY_DIR)/Frameworks",
				);
				PRODUCT_NAME = "$(TARGET_NAME)";
			};
			name = Debug;
		};
		96575B411DF746D6008791AA /* Release */ = {
			isa = XCBuildConfiguration;
			buildSettings = {
				FRAMEWORK_SEARCH_PATHS = (
					"$(inherited)",
					"$(LOCAL_LIBRARY_DIR)/Frameworks",
				);
				PRODUCT_NAME = "$(TARGET_NAME)";
			};
			name = Release;
		};
/* End XCBuildConfiguration section */

/* Begin XCConfigurationList section */
		96575B331DF746D6008791AA /* Build configuration list for PBXProject "cppProjTB" */ = {
			isa = XCConfigurationList;
			buildConfigurations = (
				96575B3D1DF746D6008791AA /* Debug */,
				96575B3E1DF746D6008791AA /* Release */,
			);
			defaultConfigurationIsVisible = 0;
			defaultConfigurationName = Release;
		};
		96575B3F1DF746D6008791AA /* Build configuration list for PBXNativeTarget "cppProjTB" */ = {
			isa = XCConfigurationList;
			buildConfigurations = (
				96575B401DF746D6008791AA /* Debug */,
				96575B411DF746D6008791AA /* Release */,
			);
			defaultConfigurationIsVisible = 0;
			defaultConfigurationName = Release;
		};
/* End XCConfigurationList section */
	};
	rootObject = 96575B301DF746D6008791AA /* Project object */;
}
